PODS:
  - Alamofire (4.7.2)
  - OneWaySynchronizer (1.1.1)

DEPENDENCIES:
  - Alamofire
  - OneWaySynchronizer (from `./..`)

EXTERNAL SOURCES:
  OneWaySynchronizer:
    :path: ./..

SPEC CHECKSUMS:
  Alamofire: e4fa87002c137ba2d8d634d2c51fabcda0d5c223
  OneWaySynchronizer: 710c153ea208abb73584170d4d3be6e2f89ea17a

PODFILE CHECKSUM: 6cd346fa0697b77e35547dc18575b1de353ef087

COCOAPODS: 1.4.0
