// !$*UTF8*$!
{
	archiveVersion = 1;
	classes = {
	};
	objectVersion = 50;
	objects = {

/* Begin PBXBuildFile section */
		0F4D4EB8DC5E475C61DB0F69 /* Pods_OneWaySynchronizerDemo.framework in Frameworks */ = {isa = PBXBuildFile; fileRef = 8E48131C4CF24D3B01430ECF /* Pods_OneWaySynchronizerDemo.framework */; };
		1246EBC020F4D8A5008F3352 /* AppDelegate.swift in Sources */ = {isa = PBXBuildFile; fileRef = 1246EBBF20F4D8A5008F3352 /* AppDelegate.swift */; };
		1246EBC220F4D8A5008F3352 /* ViewController.swift in Sources */ = {isa = PBXBuildFile; fileRef = 1246EBC120F4D8A5008F3352 /* ViewController.swift */; };
		1246EBC520F4D8A5008F3352 /* Main.storyboard in Resources */ = {isa = PBXBuildFile; fileRef = 1246EBC320F4D8A5008F3352 /* Main.storyboard */; };
		1246EBC720F4D8A6008F3352 /* Assets.xcassets in Resources */ = {isa = PBXBuildFile; fileRef = 1246EBC620F4D8A6008F3352 /* Assets.xcassets */; };
		1246EBCA20F4D8A6008F3352 /* LaunchScreen.storyboard in Resources */ = {isa = PBXBuildFile; fileRef = 1246EBC820F4D8A6008F3352 /* LaunchScreen.storyboard */; };
		1246EBD520F4D8A6008F3352 /* OneWaySynchronizerDemoTests.swift in Sources */ = {isa = PBXBuildFile; fileRef = 1246EBD420F4D8A6008F3352 /* OneWaySynchronizerDemoTests.swift */; };
		1246EBE020F4D900008F3352 /* MyService.swift in Sources */ = {isa = PBXBuildFile; fileRef = 1246EBDF20F4D900008F3352 /* MyService.swift */; };
		A42BCB8A72E43C959C3E5F51 /* Pods_OneWaySynchronizerDemoTests.framework in Frameworks */ = {isa = PBXBuildFile; fileRef = 764034DE1CC28CB89E84D4E3 /* Pods_OneWaySynchronizerDemoTests.framework */; };
/* End PBXBuildFile section */

/* Begin PBXContainerItemProxy section */
		1246EBD120F4D8A6008F3352 /* PBXContainerItemProxy */ = {
			isa = PBXContainerItemProxy;
			containerPortal = 1246EBB420F4D8A5008F3352 /* Project object */;
			proxyType = 1;
			remoteGlobalIDString = 1246EBBB20F4D8A5008F3352;
			remoteInfo = OneWaySynchronizerDemo;
		};
/* End PBXContainerItemProxy section */

/* Begin PBXFileReference section */
		1246EBBC20F4D8A5008F3352 /* OneWaySynchronizerDemo.app */ = {isa = PBXFileReference; explicitFileType = wrapper.application; includeInIndex = 0; path = OneWaySynchronizerDemo.app; sourceTree = BUILT_PRODUCTS_DIR; };
		1246EBBF20F4D8A5008F3352 /* AppDelegate.swift */ = {isa = PBXFileReference; lastKnownFileType = sourcecode.swift; path = AppDelegate.swift; sourceTree = "<group>"; };
		1246EBC120F4D8A5008F3352 /* ViewController.swift */ = {isa = PBXFileReference; lastKnownFileType = sourcecode.swift; path = ViewController.swift; sourceTree = "<group>"; };
		1246EBC420F4D8A5008F3352 /* Base */ = {isa = PBXFileReference; lastKnownFileType = file.storyboard; name = Base; path = Base.lproj/Main.storyboard; sourceTree = "<group>"; };
		1246EBC620F4D8A6008F3352 /* Assets.xcassets */ = {isa = PBXFileReference; lastKnownFileType = folder.assetcatalog; path = Assets.xcassets; sourceTree = "<group>"; };
		1246EBC920F4D8A6008F3352 /* Base */ = {isa = PBXFileReference; lastKnownFileType = file.storyboard; name = Base; path = Base.lproj/LaunchScreen.storyboard; sourceTree = "<group>"; };
		1246EBCB20F4D8A6008F3352 /* Info.plist */ = {isa = PBXFileReference; lastKnownFileType = text.plist.xml; path = Info.plist; sourceTree = "<group>"; };
		1246EBD020F4D8A6008F3352 /* OneWaySynchronizerDemoTests.xctest */ = {isa = PBXFileReference; explicitFileType = wrapper.cfbundle; includeInIndex = 0; path = OneWaySynchronizerDemoTests.xctest; sourceTree = BUILT_PRODUCTS_DIR; };
		1246EBD420F4D8A6008F3352 /* OneWaySynchronizerDemoTests.swift */ = {isa = PBXFileReference; lastKnownFileType = sourcecode.swift; path = OneWaySynchronizerDemoTests.swift; sourceTree = "<group>"; };
		1246EBD620F4D8A6008F3352 /* Info.plist */ = {isa = PBXFileReference; lastKnownFileType = text.plist.xml; path = Info.plist; sourceTree = "<group>"; };
		1246EBDF20F4D900008F3352 /* MyService.swift */ = {isa = PBXFileReference; fileEncoding = 4; lastKnownFileType = sourcecode.swift; path = MyService.swift; sourceTree = "<group>"; };
		129DEBC320F60F2400B23035 /* CHANGELOG.md */ = {isa = PBXFileReference; lastKnownFileType = net.daringfireball.markdown; name = CHANGELOG.md; path = ../CHANGELOG.md; sourceTree = "<group>"; };
		129DEBC420F60F2400B23035 /* README.md */ = {isa = PBXFileReference; lastKnownFileType = net.daringfireball.markdown; name = README.md; path = ../README.md; sourceTree = "<group>"; };
		560D357930ECF0DBA262F9BB /* Pods-OneWaySynchronizerDemo.release.xcconfig */ = {isa = PBXFileReference; includeInIndex = 1; lastKnownFileType = text.xcconfig; name = "Pods-OneWaySynchronizerDemo.release.xcconfig"; path = "Pods/Target Support Files/Pods-OneWaySynchronizerDemo/Pods-OneWaySynchronizerDemo.release.xcconfig"; sourceTree = "<group>"; };
		764034DE1CC28CB89E84D4E3 /* Pods_OneWaySynchronizerDemoTests.framework */ = {isa = PBXFileReference; explicitFileType = wrapper.framework; includeInIndex = 0; path = Pods_OneWaySynchronizerDemoTests.framework; sourceTree = BUILT_PRODUCTS_DIR; };
		81F2DF9B2667791791120E40 /* Pods-OneWaySynchronizerDemo.debug.xcconfig */ = {isa = PBXFileReference; includeInIndex = 1; lastKnownFileType = text.xcconfig; name = "Pods-OneWaySynchronizerDemo.debug.xcconfig"; path = "Pods/Target Support Files/Pods-OneWaySynchronizerDemo/Pods-OneWaySynchronizerDemo.debug.xcconfig"; sourceTree = "<group>"; };
		8E48131C4CF24D3B01430ECF /* Pods_OneWaySynchronizerDemo.framework */ = {isa = PBXFileReference; explicitFileType = wrapper.framework; includeInIndex = 0; path = Pods_OneWaySynchronizerDemo.framework; sourceTree = BUILT_PRODUCTS_DIR; };
		E7E0165C37A1753598B81352 /* Pods-OneWaySynchronizerDemoTests.release.xcconfig */ = {isa = PBXFileReference; includeInIndex = 1; lastKnownFileType = text.xcconfig; name = "Pods-OneWaySynchronizerDemoTests.release.xcconfig"; path = "Pods/Target Support Files/Pods-OneWaySynchronizerDemoTests/Pods-OneWaySynchronizerDemoTests.release.xcconfig"; sourceTree = "<group>"; };
		F237F434357FC8D41FE40285 /* Pods-OneWaySynchronizerDemoTests.debug.xcconfig */ = {isa = PBXFileReference; includeInIndex = 1; lastKnownFileType = text.xcconfig; name = "Pods-OneWaySynchronizerDemoTests.debug.xcconfig"; path = "Pods/Target Support Files/Pods-OneWaySynchronizerDemoTests/Pods-OneWaySynchronizerDemoTests.debug.xcconfig"; sourceTree = "<group>"; };
/* End PBXFileReference section */

/* Begin PBXFrameworksBuildPhase section */
		1246EBB920F4D8A5008F3352 /* Frameworks */ = {
			isa = PBXFrameworksBuildPhase;
			buildActionMask = 2147483647;
			files = (
				0F4D4EB8DC5E475C61DB0F69 /* Pods_OneWaySynchronizerDemo.framework in Frameworks */,
			);
			runOnlyForDeploymentPostprocessing = 0;
		};
		1246EBCD20F4D8A6008F3352 /* Frameworks */ = {
			isa = PBXFrameworksBuildPhase;
			buildActionMask = 2147483647;
			files = (
				A42BCB8A72E43C959C3E5F51 /* Pods_OneWaySynchronizerDemoTests.framework in Frameworks */,
			);
			runOnlyForDeploymentPostprocessing = 0;
		};
/* End PBXFrameworksBuildPhase section */

/* Begin PBXGroup section */
		1246EBB320F4D8A5008F3352 = {
			isa = PBXGroup;
			children = (
				129DEBC320F60F2400B23035 /* CHANGELOG.md */,
				129DEBC420F60F2400B23035 /* README.md */,
				1246EBBE20F4D8A5008F3352 /* OneWaySynchronizerDemo */,
				1246EBD320F4D8A6008F3352 /* OneWaySynchronizerDemoTests */,
				1246EBBD20F4D8A5008F3352 /* Products */,
				42ED6D11516787DF37422B95 /* Pods */,
				43C99B081C3E8FEBA6EC7659 /* Frameworks */,
			);
			sourceTree = "<group>";
		};
		1246EBBD20F4D8A5008F3352 /* Products */ = {
			isa = PBXGroup;
			children = (
				1246EBBC20F4D8A5008F3352 /* OneWaySynchronizerDemo.app */,
				1246EBD020F4D8A6008F3352 /* OneWaySynchronizerDemoTests.xctest */,
			);
			name = Products;
			sourceTree = "<group>";
		};
		1246EBBE20F4D8A5008F3352 /* OneWaySynchronizerDemo */ = {
			isa = PBXGroup;
			children = (
				1246EBBF20F4D8A5008F3352 /* AppDelegate.swift */,
				1246EBDF20F4D900008F3352 /* MyService.swift */,
				1246EBC120F4D8A5008F3352 /* ViewController.swift */,
				1246EBC320F4D8A5008F3352 /* Main.storyboard */,
				1246EBC620F4D8A6008F3352 /* Assets.xcassets */,
				1246EBC820F4D8A6008F3352 /* LaunchScreen.storyboard */,
				1246EBCB20F4D8A6008F3352 /* Info.plist */,
			);
			path = OneWaySynchronizerDemo;
			sourceTree = "<group>";
		};
		1246EBD320F4D8A6008F3352 /* OneWaySynchronizerDemoTests */ = {
			isa = PBXGroup;
			children = (
				1246EBD420F4D8A6008F3352 /* OneWaySynchronizerDemoTests.swift */,
				1246EBD620F4D8A6008F3352 /* Info.plist */,
			);
			path = OneWaySynchronizerDemoTests;
			sourceTree = "<group>";
		};
		42ED6D11516787DF37422B95 /* Pods */ = {
			isa = PBXGroup;
			children = (
				81F2DF9B2667791791120E40 /* Pods-OneWaySynchronizerDemo.debug.xcconfig */,
				560D357930ECF0DBA262F9BB /* Pods-OneWaySynchronizerDemo.release.xcconfig */,
				F237F434357FC8D41FE40285 /* Pods-OneWaySynchronizerDemoTests.debug.xcconfig */,
				E7E0165C37A1753598B81352 /* Pods-OneWaySynchronizerDemoTests.release.xcconfig */,
			);
			name = Pods;
			sourceTree = "<group>";
		};
		43C99B081C3E8FEBA6EC7659 /* Frameworks */ = {
			isa = PBXGroup;
			children = (
				8E48131C4CF24D3B01430ECF /* Pods_OneWaySynchronizerDemo.framework */,
				764034DE1CC28CB89E84D4E3 /* Pods_OneWaySynchronizerDemoTests.framework */,
			);
			name = Frameworks;
			sourceTree = "<group>";
		};
/* End PBXGroup section */

/* Begin PBXNativeTarget section */
		1246EBBB20F4D8A5008F3352 /* OneWaySynchronizerDemo */ = {
			isa = PBXNativeTarget;
			buildConfigurationList = 1246EBD920F4D8A6008F3352 /* Build configuration list for PBXNativeTarget "OneWaySynchronizerDemo" */;
			buildPhases = (
				19CD3573778FFB652BE5F783 /* [CP] Check Pods Manifest.lock */,
				129DEBC220F60E5900B23035 /* [CUSTOM] Format */,
				129DEBC120F606C800B23035 /* [CUSTOM] Linting */,
				1246EBB820F4D8A5008F3352 /* Sources */,
				1246EBB920F4D8A5008F3352 /* Frameworks */,
				1246EBBA20F4D8A5008F3352 /* Resources */,
				B7E93E454C959F3ADBE68EB5 /* [CP] Embed Pods Frameworks */,
				CC1E9AB567F918BE0428FEB1 /* [CP] Copy Pods Resources */,
			);
			buildRules = (
			);
			dependencies = (
			);
			name = OneWaySynchronizerDemo;
			productName = OneWaySynchronizerDemo;
			productReference = 1246EBBC20F4D8A5008F3352 /* OneWaySynchronizerDemo.app */;
			productType = "com.apple.product-type.application";
		};
		1246EBCF20F4D8A6008F3352 /* OneWaySynchronizerDemoTests */ = {
			isa = PBXNativeTarget;
			buildConfigurationList = 1246EBDC20F4D8A6008F3352 /* Build configuration list for PBXNativeTarget "OneWaySynchronizerDemoTests" */;
			buildPhases = (
				D3E014629D3CB7BCB0E3672C /* [CP] Check Pods Manifest.lock */,
				1246EBCC20F4D8A6008F3352 /* Sources */,
				1246EBCD20F4D8A6008F3352 /* Frameworks */,
				1246EBCE20F4D8A6008F3352 /* Resources */,
				DE3562CF09A18D9A5912D37F /* [CP] Embed Pods Frameworks */,
				D533F159A31D94C38394DB39 /* [CP] Copy Pods Resources */,
			);
			buildRules = (
			);
			dependencies = (
				1246EBD220F4D8A6008F3352 /* PBXTargetDependency */,
			);
			name = OneWaySynchronizerDemoTests;
			productName = OneWaySynchronizerDemoTests;
			productReference = 1246EBD020F4D8A6008F3352 /* OneWaySynchronizerDemoTests.xctest */;
			productType = "com.apple.product-type.bundle.unit-test";
		};
/* End PBXNativeTarget section */

/* Begin PBXProject section */
		1246EBB420F4D8A5008F3352 /* Project object */ = {
			isa = PBXProject;
			attributes = {
				LastSwiftUpdateCheck = 0940;
				LastUpgradeCheck = 0940;
				ORGANIZATIONNAME = "Siarhei Ladzeika";
				TargetAttributes = {
					1246EBBB20F4D8A5008F3352 = {
						CreatedOnToolsVersion = 9.4;
					};
					1246EBCF20F4D8A6008F3352 = {
						CreatedOnToolsVersion = 9.4;
						TestTargetID = 1246EBBB20F4D8A5008F3352;
					};
				};
			};
			buildConfigurationList = 1246EBB720F4D8A5008F3352 /* Build configuration list for PBXProject "OneWaySynchronizerDemo" */;
			compatibilityVersion = "Xcode 9.3";
			developmentRegion = en;
			hasScannedForEncodings = 0;
			knownRegions = (
				en,
				Base,
			);
			mainGroup = 1246EBB320F4D8A5008F3352;
			productRefGroup = 1246EBBD20F4D8A5008F3352 /* Products */;
			projectDirPath = "";
			projectRoot = "";
			targets = (
				1246EBBB20F4D8A5008F3352 /* OneWaySynchronizerDemo */,
				1246EBCF20F4D8A6008F3352 /* OneWaySynchronizerDemoTests */,
			);
		};
/* End PBXProject section */

/* Begin PBXResourcesBuildPhase section */
		1246EBBA20F4D8A5008F3352 /* Resources */ = {
			isa = PBXResourcesBuildPhase;
			buildActionMask = 2147483647;
			files = (
				1246EBCA20F4D8A6008F3352 /* LaunchScreen.storyboard in Resources */,
				1246EBC720F4D8A6008F3352 /* Assets.xcassets in Resources */,
				1246EBC520F4D8A5008F3352 /* Main.storyboard in Resources */,
			);
			runOnlyForDeploymentPostprocessing = 0;
		};
		1246EBCE20F4D8A6008F3352 /* Resources */ = {
			isa = PBXResourcesBuildPhase;
			buildActionMask = 2147483647;
			files = (
			);
			runOnlyForDeploymentPostprocessing = 0;
		};
/* End PBXResourcesBuildPhase section */

/* Begin PBXShellScriptBuildPhase section */
		129DEBC120F606C800B23035 /* [CUSTOM] Linting */ = {
			isa = PBXShellScriptBuildPhase;
			buildActionMask = 2147483647;
			files = (
			);
			inputPaths = (
			);
			name = "[CUSTOM] Linting";
			outputPaths = (
			);
			runOnlyForDeploymentPostprocessing = 0;
			shellPath = /bin/sh;
			shellScript = "if [ \"$TRAVIS\" != \"true\" ]; then\n    if which swiftlint >/dev/null; then\n        cd ../Source && swiftlint --config ../Demo/swiftlint.yml\n    else\n        echo \"warning: SwiftLint not installed, download from https://github.com/realm/SwiftLint\"\n    fi\nfi";
		};
		129DEBC220F60E5900B23035 /* [CUSTOM] Format */ = {
			isa = PBXShellScriptBuildPhase;
			buildActionMask = 2147483647;
			files = (
			);
			inputPaths = (
			);
			name = "[CUSTOM] Format";
			outputPaths = (
			);
			runOnlyForDeploymentPostprocessing = 0;
			shellPath = /bin/sh;
			shellScript = "if [ \"$TRAVIS\" != \"true\" ]; then\n    if which swiftformat >/dev/null; then\n        cd ../Source && swiftformat .\n    else\n        echo \"warning: SwiftFormat not installed, download from https://github.com/nicklockwood/SwiftFormat\"\n    fi\nfi";
		};
		19CD3573778FFB652BE5F783 /* [CP] Check Pods Manifest.lock */ = {
			isa = PBXShellScriptBuildPhase;
			buildActionMask = 2147483647;
			files = (
			);
			inputPaths = (
				"${PODS_PODFILE_DIR_PATH}/Podfile.lock",
				"${PODS_ROOT}/Manifest.lock",
			);
			name = "[CP] Check Pods Manifest.lock";
			outputPaths = (
				"$(DERIVED_FILE_DIR)/Pods-OneWaySynchronizerDemo-checkManifestLockResult.txt",
			);
			runOnlyForDeploymentPostprocessing = 0;
			shellPath = /bin/sh;
			shellScript = "diff \"${PODS_PODFILE_DIR_PATH}/Podfile.lock\" \"${PODS_ROOT}/Manifest.lock\" > /dev/null\nif [ $? != 0 ] ; then\n    # print error to STDERR\n    echo \"error: The sandbox is not in sync with the Podfile.lock. Run 'pod install' or update your CocoaPods installation.\" >&2\n    exit 1\nfi\n# This output is used by Xcode 'outputs' to avoid re-running this script phase.\necho \"SUCCESS\" > \"${SCRIPT_OUTPUT_FILE_0}\"\n";
			showEnvVarsInLog = 0;
		};
		B7E93E454C959F3ADBE68EB5 /* [CP] Embed Pods Frameworks */ = {
			isa = PBXShellScriptBuildPhase;
			buildActionMask = 2147483647;
			files = (
			);
			inputPaths = (
				"${SRCROOT}/Pods/Target Support Files/Pods-OneWaySynchronizerDemo/Pods-OneWaySynchronizerDemo-frameworks.sh",
				"${BUILT_PRODUCTS_DIR}/Alamofire/Alamofire.framework",
				"${BUILT_PRODUCTS_DIR}/OneWaySynchronizer/OneWaySynchronizer.framework",
			);
			name = "[CP] Embed Pods Frameworks";
			outputPaths = (
				"${TARGET_BUILD_DIR}/${FRAMEWORKS_FOLDER_PATH}/Alamofire.framework",
				"${TARGET_BUILD_DIR}/${FRAMEWORKS_FOLDER_PATH}/OneWaySynchronizer.framework",
			);
			runOnlyForDeploymentPostprocessing = 0;
			shellPath = /bin/sh;
			shellScript = "\"${SRCROOT}/Pods/Target Support Files/Pods-OneWaySynchronizerDemo/Pods-OneWaySynchronizerDemo-frameworks.sh\"\n";
			showEnvVarsInLog = 0;
		};
		CC1E9AB567F918BE0428FEB1 /* [CP] Copy Pods Resources */ = {
			isa = PBXShellScriptBuildPhase;
			buildActionMask = 2147483647;
			files = (
			);
			inputPaths = (
			);
			name = "[CP] Copy Pods Resources";
			outputPaths = (
			);
			runOnlyForDeploymentPostprocessing = 0;
			shellPath = /bin/sh;
			shellScript = "\"${SRCROOT}/Pods/Target Support Files/Pods-OneWaySynchronizerDemo/Pods-OneWaySynchronizerDemo-resources.sh\"\n";
			showEnvVarsInLog = 0;
		};
		D3E014629D3CB7BCB0E3672C /* [CP] Check Pods Manifest.lock */ = {
			isa = PBXShellScriptBuildPhase;
			buildActionMask = 2147483647;
			files = (
			);
			inputPaths = (
				"${PODS_PODFILE_DIR_PATH}/Podfile.lock",
				"${PODS_ROOT}/Manifest.lock",
			);
			name = "[CP] Check Pods Manifest.lock";
			outputPaths = (
				"$(DERIVED_FILE_DIR)/Pods-OneWaySynchronizerDemoTests-checkManifestLockResult.txt",
			);
			runOnlyForDeploymentPostprocessing = 0;
			shellPath = /bin/sh;
			shellScript = "diff \"${PODS_PODFILE_DIR_PATH}/Podfile.lock\" \"${PODS_ROOT}/Manifest.lock\" > /dev/null\nif [ $? != 0 ] ; then\n    # print error to STDERR\n    echo \"error: The sandbox is not in sync with the Podfile.lock. Run 'pod install' or update your CocoaPods installation.\" >&2\n    exit 1\nfi\n# This output is used by Xcode 'outputs' to avoid re-running this script phase.\necho \"SUCCESS\" > \"${SCRIPT_OUTPUT_FILE_0}\"\n";
			showEnvVarsInLog = 0;
		};
		D533F159A31D94C38394DB39 /* [CP] Copy Pods Resources */ = {
			isa = PBXShellScriptBuildPhase;
			buildActionMask = 2147483647;
			files = (
			);
			inputPaths = (
			);
			name = "[CP] Copy Pods Resources";
			outputPaths = (
			);
			runOnlyForDeploymentPostprocessing = 0;
			shellPath = /bin/sh;
			shellScript = "\"${SRCROOT}/Pods/Target Support Files/Pods-OneWaySynchronizerDemoTests/Pods-OneWaySynchronizerDemoTests-resources.sh\"\n";
			showEnvVarsInLog = 0;
		};
		DE3562CF09A18D9A5912D37F /* [CP] Embed Pods Frameworks */ = {
			isa = PBXShellScriptBuildPhase;
			buildActionMask = 2147483647;
			files = (
			);
			inputPaths = (
			);
			name = "[CP] Embed Pods Frameworks";
			outputPaths = (
			);
			runOnlyForDeploymentPostprocessing = 0;
			shellPath = /bin/sh;
			shellScript = "\"${SRCROOT}/Pods/Target Support Files/Pods-OneWaySynchronizerDemoTests/Pods-OneWaySynchronizerDemoTests-frameworks.sh\"\n";
			showEnvVarsInLog = 0;
		};
/* End PBXShellScriptBuildPhase section */

/* Begin PBXSourcesBuildPhase section */
		1246EBB820F4D8A5008F3352 /* Sources */ = {
			isa = PBXSourcesBuildPhase;
			buildActionMask = 2147483647;
			files = (
				1246EBE020F4D900008F3352 /* MyService.swift in Sources */,
				1246EBC220F4D8A5008F3352 /* ViewController.swift in Sources */,
				1246EBC020F4D8A5008F3352 /* AppDelegate.swift in Sources */,
			);
			runOnlyForDeploymentPostprocessing = 0;
		};
		1246EBCC20F4D8A6008F3352 /* Sources */ = {
			isa = PBXSourcesBuildPhase;
			buildActionMask = 2147483647;
			files = (
				1246EBD520F4D8A6008F3352 /* OneWaySynchronizerDemoTests.swift in Sources */,
			);
			runOnlyForDeploymentPostprocessing = 0;
		};
/* End PBXSourcesBuildPhase section */

/* Begin PBXTargetDependency section */
		1246EBD220F4D8A6008F3352 /* PBXTargetDependency */ = {
			isa = PBXTargetDependency;
			target = 1246EBBB20F4D8A5008F3352 /* OneWaySynchronizerDemo */;
			targetProxy = 1246EBD120F4D8A6008F3352 /* PBXContainerItemProxy */;
		};
/* End PBXTargetDependency section */

/* Begin PBXVariantGroup section */
		1246EBC320F4D8A5008F3352 /* Main.storyboard */ = {
			isa = PBXVariantGroup;
			children = (
				1246EBC420F4D8A5008F3352 /* Base */,
			);
			name = Main.storyboard;
			sourceTree = "<group>";
		};
		1246EBC820F4D8A6008F3352 /* LaunchScreen.storyboard */ = {
			isa = PBXVariantGroup;
			children = (
				1246EBC920F4D8A6008F3352 /* Base */,
			);
			name = LaunchScreen.storyboard;
			sourceTree = "<group>";
		};
/* End PBXVariantGroup section */

/* Begin XCBuildConfiguration section */
		1246EBD720F4D8A6008F3352 /* Debug */ = {
			isa = XCBuildConfiguration;
			buildSettings = {
				ALWAYS_SEARCH_USER_PATHS = NO;
				CLANG_ANALYZER_NONNULL = YES;
				CLANG_ANALYZER_NUMBER_OBJECT_CONVERSION = YES_AGGRESSIVE;
				CLANG_CXX_LANGUAGE_STANDARD = "gnu++14";
				CLANG_CXX_LIBRARY = "libc++";
				CLANG_ENABLE_MODULES = YES;
				CLANG_ENABLE_OBJC_ARC = YES;
				CLANG_ENABLE_OBJC_WEAK = YES;
				CLANG_WARN_BLOCK_CAPTURE_AUTORELEASING = YES;
				CLANG_WARN_BOOL_CONVERSION = YES;
				CLANG_WARN_COMMA = YES;
				CLANG_WARN_CONSTANT_CONVERSION = YES;
				CLANG_WARN_DEPRECATED_OBJC_IMPLEMENTATIONS = YES;
				CLANG_WARN_DIRECT_OBJC_ISA_USAGE = YES_ERROR;
				CLANG_WARN_DOCUMENTATION_COMMENTS = YES;
				CLANG_WARN_EMPTY_BODY = YES;
				CLANG_WARN_ENUM_CONVERSION = YES;
				CLANG_WARN_INFINITE_RECURSION = YES;
				CLANG_WARN_INT_CONVERSION = YES;
				CLANG_WARN_NON_LITERAL_NULL_CONVERSION = YES;
				CLANG_WARN_OBJC_IMPLICIT_RETAIN_SELF = YES;
				CLANG_WARN_OBJC_LITERAL_CONVERSION = YES;
				CLANG_WARN_OBJC_ROOT_CLASS = YES_ERROR;
				CLANG_WARN_RANGE_LOOP_ANALYSIS = YES;
				CLANG_WARN_STRICT_PROTOTYPES = YES;
				CLANG_WARN_SUSPICIOUS_MOVE = YES;
				CLANG_WARN_UNGUARDED_AVAILABILITY = YES_AGGRESSIVE;
				CLANG_WARN_UNREACHABLE_CODE = YES;
				CLANG_WARN__DUPLICATE_METHOD_MATCH = YES;
				CODE_SIGN_IDENTITY = "iPhone Developer";
				COPY_PHASE_STRIP = NO;
				DEBUG_INFORMATION_FORMAT = dwarf;
				ENABLE_STRICT_OBJC_MSGSEND = YES;
				ENABLE_TESTABILITY = YES;
				GCC_C_LANGUAGE_STANDARD = gnu11;
				GCC_DYNAMIC_NO_PIC = NO;
				GCC_NO_COMMON_BLOCKS = YES;
				GCC_OPTIMIZATION_LEVEL = 0;
				GCC_PREPROCESSOR_DEFINITIONS = (
					"DEBUG=1",
					"$(inherited)",
				);
				GCC_WARN_64_TO_32_BIT_CONVERSION = YES;
				GCC_WARN_ABOUT_RETURN_TYPE = YES_ERROR;
				GCC_WARN_UNDECLARED_SELECTOR = YES;
				GCC_WARN_UNINITIALIZED_AUTOS = YES_AGGRESSIVE;
				GCC_WARN_UNUSED_FUNCTION = YES;
				GCC_WARN_UNUSED_VARIABLE = YES;
				IPHONEOS_DEPLOYMENT_TARGET = 11.4;
				MTL_ENABLE_DEBUG_INFO = YES;
				ONLY_ACTIVE_ARCH = YES;
				SDKROOT = iphoneos;
				SWIFT_ACTIVE_COMPILATION_CONDITIONS = DEBUG;
				SWIFT_OPTIMIZATION_LEVEL = "-Onone";
			};
			name = Debug;
		};
		1246EBD820F4D8A6008F3352 /* Release */ = {
			isa = XCBuildConfiguration;
			buildSettings = {
				ALWAYS_SEARCH_USER_PATHS = NO;
				CLANG_ANALYZER_NONNULL = YES;
				CLANG_ANALYZER_NUMBER_OBJECT_CONVERSION = YES_AGGRESSIVE;
				CLANG_CXX_LANGUAGE_STANDARD = "gnu++14";
				CLANG_CXX_LIBRARY = "libc++";
				CLANG_ENABLE_MODULES = YES;
				CLANG_ENABLE_OBJC_ARC = YES;
				CLANG_ENABLE_OBJC_WEAK = YES;
				CLANG_WARN_BLOCK_CAPTURE_AUTORELEASING = YES;
				CLANG_WARN_BOOL_CONVERSION = YES;
				CLANG_WARN_COMMA = YES;
				CLANG_WARN_CONSTANT_CONVERSION = YES;
				CLANG_WARN_DEPRECATED_OBJC_IMPLEMENTATIONS = YES;
				CLANG_WARN_DIRECT_OBJC_ISA_USAGE = YES_ERROR;
				CLANG_WARN_DOCUMENTATION_COMMENTS = YES;
				CLANG_WARN_EMPTY_BODY = YES;
				CLANG_WARN_ENUM_CONVERSION = YES;
				CLANG_WARN_INFINITE_RECURSION = YES;
				CLANG_WARN_INT_CONVERSION = YES;
				CLANG_WARN_NON_LITERAL_NULL_CONVERSION = YES;
				CLANG_WARN_OBJC_IMPLICIT_RETAIN_SELF = YES;
				CLANG_WARN_OBJC_LITERAL_CONVERSION = YES;
				CLANG_WARN_OBJC_ROOT_CLASS = YES_ERROR;
				CLANG_WARN_RANGE_LOOP_ANALYSIS = YES;
				CLANG_WARN_STRICT_PROTOTYPES = YES;
				CLANG_WARN_SUSPICIOUS_MOVE = YES;
				CLANG_WARN_UNGUARDED_AVAILABILITY = YES_AGGRESSIVE;
				CLANG_WARN_UNREACHABLE_CODE = YES;
				CLANG_WARN__DUPLICATE_METHOD_MATCH = YES;
				CODE_SIGN_IDENTITY = "iPhone Developer";
				COPY_PHASE_STRIP = NO;
				DEBUG_INFORMATION_FORMAT = "dwarf-with-dsym";
				ENABLE_NS_ASSERTIONS = NO;
				ENABLE_STRICT_OBJC_MSGSEND = YES;
				GCC_C_LANGUAGE_STANDARD = gnu11;
				GCC_NO_COMMON_BLOCKS = YES;
				GCC_WARN_64_TO_32_BIT_CONVERSION = YES;
				GCC_WARN_ABOUT_RETURN_TYPE = YES_ERROR;
				GCC_WARN_UNDECLARED_SELECTOR = YES;
				GCC_WARN_UNINITIALIZED_AUTOS = YES_AGGRESSIVE;
				GCC_WARN_UNUSED_FUNCTION = YES;
				GCC_WARN_UNUSED_VARIABLE = YES;
				IPHONEOS_DEPLOYMENT_TARGET = 11.4;
				MTL_ENABLE_DEBUG_INFO = NO;
				SDKROOT = iphoneos;
				SWIFT_COMPILATION_MODE = wholemodule;
				SWIFT_OPTIMIZATION_LEVEL = "-O";
				VALIDATE_PRODUCT = YES;
			};
			name = Release;
		};
		1246EBDA20F4D8A6008F3352 /* Debug */ = {
			isa = XCBuildConfiguration;
			baseConfigurationReference = 81F2DF9B2667791791120E40 /* Pods-OneWaySynchronizerDemo.debug.xcconfig */;
			buildSettings = {
				ASSETCATALOG_COMPILER_APPICON_NAME = AppIcon;
				CODE_SIGN_STYLE = Automatic;
				DEVELOPMENT_TEAM = KNRVU5STUP;
				INFOPLIST_FILE = OneWaySynchronizerDemo/Info.plist;
				LD_RUNPATH_SEARCH_PATHS = (
					"$(inherited)",
					"@executable_path/Frameworks",
				);
				PRODUCT_BUNDLE_IDENTIFIER = com.ladzeika.OneWaySynchronizerDemo;
				PRODUCT_NAME = "$(TARGET_NAME)";
				SWIFT_VERSION = 4.0;
				TARGETED_DEVICE_FAMILY = "1,2";
			};
			name = Debug;
		};
		1246EBDB20F4D8A6008F3352 /* Release */ = {
			isa = XCBuildConfiguration;
			baseConfigurationReference = 560D357930ECF0DBA262F9BB /* Pods-OneWaySynchronizerDemo.release.xcconfig */;
			buildSettings = {
				ASSETCATALOG_COMPILER_APPICON_NAME = AppIcon;
				CODE_SIGN_STYLE = Automatic;
				DEVELOPMENT_TEAM = KNRVU5STUP;
				INFOPLIST_FILE = OneWaySynchronizerDemo/Info.plist;
				LD_RUNPATH_SEARCH_PATHS = (
					"$(inherited)",
					"@executable_path/Frameworks",
				);
				PRODUCT_BUNDLE_IDENTIFIER = com.ladzeika.OneWaySynchronizerDemo;
				PRODUCT_NAME = "$(TARGET_NAME)";
				SWIFT_VERSION = 4.0;
				TARGETED_DEVICE_FAMILY = "1,2";
			};
			name = Release;
		};
		1246EBDD20F4D8A6008F3352 /* Debug */ = {
			isa = XCBuildConfiguration;
			baseConfigurationReference = F237F434357FC8D41FE40285 /* Pods-OneWaySynchronizerDemoTests.debug.xcconfig */;
			buildSettings = {
				ALWAYS_EMBED_SWIFT_STANDARD_LIBRARIES = YES;
				BUNDLE_LOADER = "$(TEST_HOST)";
				CODE_SIGN_STYLE = Automatic;
				DEVELOPMENT_TEAM = KNRVU5STUP;
				INFOPLIST_FILE = OneWaySynchronizerDemoTests/Info.plist;
				LD_RUNPATH_SEARCH_PATHS = (
					"$(inherited)",
					"@executable_path/Frameworks",
					"@loader_path/Frameworks",
				);
				PRODUCT_BUNDLE_IDENTIFIER = com.ladzeika.OneWaySynchronizerDemoTests;
				PRODUCT_NAME = "$(TARGET_NAME)";
				SWIFT_VERSION = 4.0;
				TARGETED_DEVICE_FAMILY = "1,2";
				TEST_HOST = "$(BUILT_PRODUCTS_DIR)/OneWaySynchronizerDemo.app/OneWaySynchronizerDemo";
			};
			name = Debug;
		};
		1246EBDE20F4D8A6008F3352 /* Release */ = {
			isa = XCBuildConfiguration;
			baseConfigurationReference = E7E0165C37A1753598B81352 /* Pods-OneWaySynchronizerDemoTests.release.xcconfig */;
			buildSettings = {
				ALWAYS_EMBED_SWIFT_STANDARD_LIBRARIES = YES;
				BUNDLE_LOADER = "$(TEST_HOST)";
				CODE_SIGN_STYLE = Automatic;
				DEVELOPMENT_TEAM = KNRVU5STUP;
				INFOPLIST_FILE = OneWaySynchronizerDemoTests/Info.plist;
				LD_RUNPATH_SEARCH_PATHS = (
					"$(inherited)",
					"@executable_path/Frameworks",
					"@loader_path/Frameworks",
				);
				PRODUCT_BUNDLE_IDENTIFIER = com.ladzeika.OneWaySynchronizerDemoTests;
				PRODUCT_NAME = "$(TARGET_NAME)";
				SWIFT_VERSION = 4.0;
				TARGETED_DEVICE_FAMILY = "1,2";
				TEST_HOST = "$(BUILT_PRODUCTS_DIR)/OneWaySynchronizerDemo.app/OneWaySynchronizerDemo";
			};
			name = Release;
		};
/* End XCBuildConfiguration section */

/* Begin XCConfigurationList section */
		1246EBB720F4D8A5008F3352 /* Build configuration list for PBXProject "OneWaySynchronizerDemo" */ = {
			isa = XCConfigurationList;
			buildConfigurations = (
				1246EBD720F4D8A6008F3352 /* Debug */,
				1246EBD820F4D8A6008F3352 /* Release */,
			);
			defaultConfigurationIsVisible = 0;
			defaultConfigurationName = Release;
		};
		1246EBD920F4D8A6008F3352 /* Build configuration list for PBXNativeTarget "OneWaySynchronizerDemo" */ = {
			isa = XCConfigurationList;
			buildConfigurations = (
				1246EBDA20F4D8A6008F3352 /* Debug */,
				1246EBDB20F4D8A6008F3352 /* Release */,
			);
			defaultConfigurationIsVisible = 0;
			defaultConfigurationName = Release;
		};
		1246EBDC20F4D8A6008F3352 /* Build configuration list for PBXNativeTarget "OneWaySynchronizerDemoTests" */ = {
			isa = XCConfigurationList;
			buildConfigurations = (
				1246EBDD20F4D8A6008F3352 /* Debug */,
				1246EBDE20F4D8A6008F3352 /* Release */,
			);
			defaultConfigurationIsVisible = 0;
			defaultConfigurationName = Release;
		};
/* End XCConfigurationList section */
	};
	rootObject = 1246EBB420F4D8A5008F3352 /* Project object */;
}
